	<Project xmlns="http://schemas.microsoft.com/developer/msbuild/2003">
		<PropertyGroup>
			<ProjectGuid>{8adbcbb8-a0a7-4971-af46-1ea30f3c7269}</ProjectGuid>
			<MainSource>OpenWireLabPkgD13.dpk</MainSource>
			<Configuration Condition=" '$(Configuration)' == '' ">Debug</Configuration>
			<Platform Condition=" '$(Platform)' == '' ">AnyCPU</Platform>
			<DCC_DCCCompiler>DCC32</DCC_DCCCompiler>
			<DCC_DependencyCheckOutputName>$(SystemRoot)\System32\OpenWireLabPkgD11.bpl</DCC_DependencyCheckOutputName>
			<ProjectVersion>11.1</ProjectVersion>
			<Config Condition="'$(Config)'==''">Debug</Config>
		</PropertyGroup>
		<PropertyGroup Condition="'$(Config)'=='Base' or '$(Base)'!=''">
			<Base>true</Base>
		</PropertyGroup>
		<PropertyGroup Condition="'$(Config)'=='Release' or '$(Cfg_Release)'!=''">
			<Cfg_Release>true</Cfg_Release>
			<CfgParent>Base</CfgParent>
			<Base>true</Base>
		</PropertyGroup>
		<PropertyGroup Condition="'$(Config)'=='Debug' or '$(Cfg_Debug)'!=''">
			<Cfg_Debug>true</Cfg_Debug>
			<CfgParent>Base</CfgParent>
			<Base>true</Base>
		</PropertyGroup>
		<PropertyGroup Condition="'$(Base)'!=''">
			<DCC_DcuOutput>$(BDS)\OpenWire\OpenWireLabDemo</DCC_DcuOutput>
			<DCC_DcpOutput>$(BDS)\OpenWire\OpenWireLabDemo</DCC_DcpOutput>
			<DCC_CBuilderOutput>All</DCC_CBuilderOutput>
			<DCC_ImageBase>00400000</DCC_ImageBase>
			<DCC_DependencyCheckOutputName>C:\Users\Public\Documents\RAD Studio\7.0\Bpl\OpenWireLabPkgD13.bpl</DCC_DependencyCheckOutputName>
			<DCC_Description>OpenWire DemoLab demonstration package</DCC_Description>
			<DesignOnlyPackage>false</DesignOnlyPackage>
			<GenDll>true</GenDll>
			<DCC_OutputNeverBuildDcps>true</DCC_OutputNeverBuildDcps>
			<GenPackage>true</GenPackage>
		</PropertyGroup>
		<PropertyGroup Condition="'$(Cfg_Release)'!=''">
			<DCC_DependencyCheckOutputName>$(SystemRoot)\System32\OpenWireLabPkgD13.bpl</DCC_DependencyCheckOutputName>
			<Version>7.0</Version>
			<DCC_DebugInformation>False</DCC_DebugInformation>
			<DCC_LocalDebugSymbols>False</DCC_LocalDebugSymbols>
			<DCC_SymbolReferenceInfo>0</DCC_SymbolReferenceInfo>
			<DCC_CBuilderOutput>All</DCC_CBuilderOutput>
			<DCC_DcuOutput>$(BDS)\OpenWire\OpenWireLabDemo</DCC_DcuOutput>
			<DCC_ObjOutput>$(BDS)\OpenWire</DCC_ObjOutput>
			<DCC_HppOutput>$(BDS)\OpenWire</DCC_HppOutput>
			<DCC_BplOutput>$(windir)\System32</DCC_BplOutput>
			<DCC_Define>RELEASE</DCC_Define>
		</PropertyGroup>
		<PropertyGroup Condition="'$(Cfg_Debug)'!=''">
			<DCC_DependencyCheckOutputName>$(SystemRoot)\System32\OpenWireLabPkgD13.bpl</DCC_DependencyCheckOutputName>
			<Version>7.0</Version>
			<DCC_DcuOutput>$(BDS)\OpenWire\OpenWireLabDemo</DCC_DcuOutput>
			<DCC_ObjOutput>$(BDS)\OpenWire</DCC_ObjOutput>
			<DCC_HppOutput>$(BDS)\OpenWire</DCC_HppOutput>
			<DCC_BplOutput>$(windir)\System32</DCC_BplOutput>
			<DCC_UnitSearchPath>$(BDS)\lib\Debug;$(BDS)\Lib\Debug\Indy10;$(BDS)\RaveReports\Lib;$(BDS)\lib</DCC_UnitSearchPath>
			<DCC_ResourcePath>$(BDS)\lib\Debug;$(BDS)\Lib\Debug\Indy10;$(BDS)\RaveReports\Lib;$(BDS)\lib</DCC_ResourcePath>
			<DCC_ObjPath>$(BDS)\lib\Debug;$(BDS)\Lib\Debug\Indy10;$(BDS)\RaveReports\Lib;$(BDS)\lib</DCC_ObjPath>
			<DCC_IncludePath>$(BDS)\lib\Debug;$(BDS)\Lib\Debug\Indy10;$(BDS)\RaveReports\Lib;$(BDS)\lib</DCC_IncludePath>
			<DCC_CBuilderOutput>All</DCC_CBuilderOutput>
			<DCC_DebugInfoInExe>True</DCC_DebugInfoInExe>
			<DCC_DebugVN>True</DCC_DebugVN>
		</PropertyGroup>
		<ItemGroup>
			<DelphiCompile Include="OpenWireLabPkgD13.dpk">
				<MainSource>MainSource</MainSource>
			</DelphiCompile>
			<DCCReference Include="OWLComps.dcr"/>
			<DCCReference Include="rtl.dcp"/>
			<DCCReference Include="vcl.dcp"/>
			<DCCReference Include="OpenWirePkgD13.dcp"/>
			<DCCReference Include="OWLStateComps.pas"/>
			<DCCReference Include="OWLComps.pas"/>
			<BuildConfiguration Include="Base">
				<Key>Base</Key>
			</BuildConfiguration>
			<BuildConfiguration Include="Release">
				<Key>Cfg_Release</Key>
				<CfgParent>Base</CfgParent>
			</BuildConfiguration>
			<BuildConfiguration Include="Debug">
				<Key>Cfg_Debug</Key>
				<CfgParent>Base</CfgParent>
			</BuildConfiguration>
		</ItemGroup>
		<Import Project="$(BDS)\Bin\CodeGear.Delphi.Targets" Condition="Exists('$(BDS)\Bin\CodeGear.Delphi.Targets')"/>
		<ProjectExtensions>
			<Borland.Personality>Delphi.Personality.12</Borland.Personality>
			<Borland.ProjectType>Package</Borland.ProjectType>
			<BorlandProject>
				<Delphi.Personality>
					<Compiler>
						<Compiler Name="UsePackages">False</Compiler>
						<Compiler Name="Packages"/>
					</Compiler>
					<Parameters>
						<Parameters Name="UseLauncher">False</Parameters>
						<Parameters Name="LoadAllSymbols">True</Parameters>
						<Parameters Name="LoadUnspecifiedSymbols">False</Parameters>
						<Parameters Name="HostApplication">C:\Program Files (x86)\CodeGear\RAD Studio\6.0\bin\bds.exe</Parameters>
					</Parameters>
					<VersionInfo>
						<VersionInfo Name="IncludeVerInfo">True</VersionInfo>
						<VersionInfo Name="AutoIncBuild">False</VersionInfo>
						<VersionInfo Name="MajorVer">4</VersionInfo>
						<VersionInfo Name="MinorVer">0</VersionInfo>
						<VersionInfo Name="Release">0</VersionInfo>
						<VersionInfo Name="Build">0</VersionInfo>
						<VersionInfo Name="Debug">False</VersionInfo>
						<VersionInfo Name="PreRelease">False</VersionInfo>
						<VersionInfo Name="Special">False</VersionInfo>
						<VersionInfo Name="Private">False</VersionInfo>
						<VersionInfo Name="DLL">False</VersionInfo>
						<VersionInfo Name="Locale">1033</VersionInfo>
						<VersionInfo Name="CodePage">1252</VersionInfo>
					</VersionInfo>
					<VersionInfoKeys>
						<VersionInfoKeys Name="CompanyName"/>
						<VersionInfoKeys Name="FileDescription"/>
						<VersionInfoKeys Name="FileVersion">4.0.0.0</VersionInfoKeys>
						<VersionInfoKeys Name="InternalName"/>
						<VersionInfoKeys Name="LegalCopyright"/>
						<VersionInfoKeys Name="LegalTrademarks"/>
						<VersionInfoKeys Name="OriginalFilename"/>
						<VersionInfoKeys Name="ProductName"/>
						<VersionInfoKeys Name="ProductVersion">0.0.0.0</VersionInfoKeys>
						<VersionInfoKeys Name="Comments"/>
						<VersionInfoKeys Name="CompileDate">Friday, April 24, 2009 4:34 AM</VersionInfoKeys>
					</VersionInfoKeys>
					<Source>
						<Source Name="MainSource">OpenWireLabPkgD13.dpk</Source>
					</Source>
				</Delphi.Personality>
			</BorlandProject>
			<ProjectFileVersion>12</ProjectFileVersion>
		</ProjectExtensions>
	</Project>
