	<Project xmlns="http://schemas.microsoft.com/developer/msbuild/2003">
		<PropertyGroup>
			<ProjectGuid>{5ba8197d-6fb3-40f3-9dd2-104adc709554}</ProjectGuid>
			<MainSource>OpenWireDsnD15.dpk</MainSource>
			<Configuration Condition=" '$(Configuration)' == '' ">Debug</Configuration>
			<Platform Condition=" '$(Platform)' == '' ">AnyCPU</Platform>
			<DCC_DCCCompiler>DCC32</DCC_DCCCompiler>
			<DCC_DependencyCheckOutputName>$(SystemRoot)\System32\OpenWireDsnD11.bpl</DCC_DependencyCheckOutputName>
			<ProjectVersion>12.3</ProjectVersion>
			<Config Condition="'$(Config)'==''">Debug</Config>
			<Platform Condition="'$(Platform)'==''">Win32</Platform>
			<Base>True</Base>
			<Platform>Win32</Platform>
			<AppType>Package</AppType>
			<FrameworkType>None</FrameworkType>
		</PropertyGroup>
		<PropertyGroup Condition="'$(Config)'=='Base' or '$(Base)'!=''">
			<Base>true</Base>
		</PropertyGroup>
		<PropertyGroup Condition="'$(Config)'=='Release' or '$(Cfg_Release)'!=''">
			<Cfg_Release>true</Cfg_Release>
			<CfgParent>Base</CfgParent>
			<Base>true</Base>
		</PropertyGroup>
		<PropertyGroup Condition="'$(Config)'=='Debug' or '$(Cfg_Debug)'!=''">
			<Cfg_Debug>true</Cfg_Debug>
			<CfgParent>Base</CfgParent>
			<Base>true</Base>
		</PropertyGroup>
		<PropertyGroup Condition="'$(Base)'!=''">
			<DCC_CBuilderOutput>All</DCC_CBuilderOutput>
			<DCC_UnitAlias>WinTypes=Windows;WinProcs=Windows;DbiTypes=BDE;DbiProcs=BDE;DbiErrs=BDE;$(DCC_UnitAlias)</DCC_UnitAlias>
			<DCC_ImageBase>00400000</DCC_ImageBase>
			<DCC_DependencyCheckOutputName>C:\Users\Public\Documents\RAD Studio\7.0\Bpl\OpenWireDsnD15.bpl</DCC_DependencyCheckOutputName>
			<DCC_Description>OpenWire Project (Design Time)</DCC_Description>
			<DesignOnlyPackage>true</DesignOnlyPackage>
			<GenDll>true</GenDll>
			<DCC_OutputNeverBuildDcps>true</DCC_OutputNeverBuildDcps>
			<GenPackage>true</GenPackage>
		</PropertyGroup>
		<PropertyGroup Condition="'$(Cfg_Release)'!=''">
			<DCC_DependencyCheckOutputName>$(SystemRoot)\System32\OpenWireDsnD15.bpl</DCC_DependencyCheckOutputName>
			<Version>7.0</Version>
			<DCC_DebugInformation>False</DCC_DebugInformation>
			<DCC_LocalDebugSymbols>False</DCC_LocalDebugSymbols>
			<DCC_SymbolReferenceInfo>0</DCC_SymbolReferenceInfo>
			<DCC_CBuilderOutput>All</DCC_CBuilderOutput>
			<DCC_DcuOutput>$(BDS)\OpenWire</DCC_DcuOutput>
			<DCC_ObjOutput>$(BDS)\OpenWire</DCC_ObjOutput>
			<DCC_HppOutput>$(BDS)\OpenWire</DCC_HppOutput>
			<DCC_BplOutput>$(windir)\System32</DCC_BplOutput>
			<DCC_DcpOutput>$(BDS)\OpenWire</DCC_DcpOutput>
			<DCC_Define>RELEASE</DCC_Define>
		</PropertyGroup>
		<PropertyGroup Condition="'$(Cfg_Debug)'!=''">
			<DCC_DependencyCheckOutputName>$(SystemRoot)\System32\OpenWireDsnD15.bpl</DCC_DependencyCheckOutputName>
			<Version>7.0</Version>
			<DCC_DcuOutput>$(BDS)\OpenWire</DCC_DcuOutput>
			<DCC_ObjOutput>$(BDS)\OpenWire</DCC_ObjOutput>
			<DCC_HppOutput>$(BDS)\OpenWire</DCC_HppOutput>
			<DCC_BplOutput>$(windir)\System32</DCC_BplOutput>
			<DCC_DcpOutput>$(BDS)\OpenWire</DCC_DcpOutput>
			<DCC_UnitSearchPath>$(BDS)\lib</DCC_UnitSearchPath>
			<DCC_ResourcePath>$(BDS)\lib</DCC_ResourcePath>
			<DCC_ObjPath>$(BDS)\lib</DCC_ObjPath>
			<DCC_IncludePath>$(BDS)\lib</DCC_IncludePath>
			<DCC_CBuilderOutput>All</DCC_CBuilderOutput>
		</PropertyGroup>
		<ItemGroup>
			<DelphiCompile Include="OpenWireDsnD15.dpk">
				<MainSource>MainSource</MainSource>
			</DelphiCompile>
			<DCCReference Include="rtl.dcp"/>
			<DCCReference Include="OpenWirePkgD15.dcp"/>
			<DCCReference Include="designide.dcp"/>
			<DCCReference Include="OWDesignSelectionsList.pas"/>
			<DCCReference Include="OpenWirePinEditors.pas">
				<Form>OWPinEditorForm</Form>
			</DCCReference>
			<DCCReference Include="OWClassProperty.pas"/>
			<DCCReference Include="OWStateEditors.pas">
				<Form>OWStatePinForm</Form>
			</DCCReference>
			<DCCReference Include="OWAboutFormUnit.pas">
				<Form>OWAboutForm</Form>
			</DCCReference>
			<DCCReference Include="OWExtCollectionEditor.pas"/>
			<DCCReference Include="OWDesignTypes.pas"/>
			<DCCReference Include="OWAfterPinSelectFormUnit.pas">
				<Form>OWAfterPinSelectForm</Form>
			</DCCReference>
			<BuildConfiguration Include="Release">
				<Key>Cfg_Release</Key>
				<CfgParent>Base</CfgParent>
			</BuildConfiguration>
			<BuildConfiguration Include="Base">
				<Key>Base</Key>
			</BuildConfiguration>
			<BuildConfiguration Include="Debug">
				<Key>Cfg_Debug</Key>
				<CfgParent>Base</CfgParent>
			</BuildConfiguration>
		</ItemGroup>
		<Import Condition="Exists('$(BDS)\Bin\CodeGear.Delphi.Targets')" Project="$(BDS)\Bin\CodeGear.Delphi.Targets"/>
		<Import Condition="Exists('$(APPDATA)\Embarcadero\$(BDSAPPDATABASEDIR)\$(PRODUCTVERSION)\UserTools.proj')" Project="$(APPDATA)\Embarcadero\$(BDSAPPDATABASEDIR)\$(PRODUCTVERSION)\UserTools.proj"/>
		<ProjectExtensions>
			<Borland.Personality>Delphi.Personality.12</Borland.Personality>
			<Borland.ProjectType>Package</Borland.ProjectType>
			<BorlandProject>
				<Delphi.Personality>
					<Compiler>
						<Compiler Name="UsePackages">False</Compiler>
						<Compiler Name="Packages"/>
					</Compiler>
					<Parameters>
						<Parameters Name="HostApplication">C:\Program Files (x86)\Embarcadero\RAD Studio\8.0\bin\bds.exe</Parameters>
					</Parameters>
					<VersionInfo>
						<VersionInfo Name="IncludeVerInfo">True</VersionInfo>
						<VersionInfo Name="AutoIncBuild">False</VersionInfo>
						<VersionInfo Name="MajorVer">4</VersionInfo>
						<VersionInfo Name="MinorVer">5</VersionInfo>
						<VersionInfo Name="Release">0</VersionInfo>
						<VersionInfo Name="Build">49</VersionInfo>
						<VersionInfo Name="Debug">False</VersionInfo>
						<VersionInfo Name="PreRelease">False</VersionInfo>
						<VersionInfo Name="Special">False</VersionInfo>
						<VersionInfo Name="Private">False</VersionInfo>
						<VersionInfo Name="DLL">False</VersionInfo>
						<VersionInfo Name="Locale">1033</VersionInfo>
						<VersionInfo Name="CodePage">1252</VersionInfo>
					</VersionInfo>
					<VersionInfoKeys>
						<VersionInfoKeys Name="CompanyName"/>
						<VersionInfoKeys Name="FileDescription"/>
						<VersionInfoKeys Name="FileVersion">4.5.0.49</VersionInfoKeys>
						<VersionInfoKeys Name="InternalName"/>
						<VersionInfoKeys Name="LegalCopyright"/>
						<VersionInfoKeys Name="LegalTrademarks"/>
						<VersionInfoKeys Name="OriginalFilename"/>
						<VersionInfoKeys Name="ProductName"/>
						<VersionInfoKeys Name="ProductVersion">0.0.0.0</VersionInfoKeys>
						<VersionInfoKeys Name="Comments"/>
						<VersionInfoKeys Name="CompileDate">Friday, May 06, 2011 3:13 PM</VersionInfoKeys>
					</VersionInfoKeys>
					<Source>
						<Source Name="MainSource">OpenWireDsnD15.dpk</Source>
					</Source>
					<Excluded_Packages>
						<Excluded_Packages Name="C:\Windows\System32\SignalLabFilterDesignDsnD15.bpl">Mitov - SignalLab Filter Design Package</Excluded_Packages>
						<Excluded_Packages Name="C:\Windows\System32\AudioLabDsnD15.bpl">Mitov - AudioLab Design Package</Excluded_Packages>
						<Excluded_Packages Name="C:\Windows\System32\SignalLabDsnD15.bpl">Mitov - SignalLab Design Package</Excluded_Packages>
						<Excluded_Packages Name="$(BDSBIN)\bcboffice2k150.bpl">Embarcadero C++Builder Office 2000 Servers Package</Excluded_Packages>
						<Excluded_Packages Name="$(BDSBIN)\bcbofficexp150.bpl">Embarcadero C++Builder Office XP Servers Package</Excluded_Packages>
						<Excluded_Packages Name="$(BDSBIN)\dcloffice2k150.bpl">Microsoft Office 2000 Sample Automation Server Wrapper Components</Excluded_Packages>
						<Excluded_Packages Name="$(BDSBIN)\dclofficexp150.bpl">Microsoft Office XP Sample Automation Server Wrapper Components</Excluded_Packages>
					</Excluded_Packages>
				</Delphi.Personality>
				<Platforms>
					<Platform value="Win32">True</Platform>
				</Platforms>
			</BorlandProject>
			<ProjectFileVersion>12</ProjectFileVersion>
		</ProjectExtensions>
	</Project>
