<Project xmlns="http://schemas.microsoft.com/developer/msbuild/2003">
    <PropertyGroup>
        <ProjectGuid>{5ba8197d-6fb3-40f3-9dd2-104adc709554}</ProjectGuid>
        <MainSource>OpenWireDsnDXE7.dpk</MainSource>
        <Configuration Condition=" '$(Configuration)' == '' ">Debug</Configuration>
        <DCC_DCCCompiler>DCC32</DCC_DCCCompiler>
        <DCC_DependencyCheckOutputName>$(SystemRoot)\System32\OpenWireDsnD11.bpl</DCC_DependencyCheckOutputName>
        <ProjectVersion>16.0</ProjectVersion>
        <Config Condition="'$(Config)'==''">Debug</Config>
        <Base>True</Base>
        <AppType>Package</AppType>
        <FrameworkType>VCL</FrameworkType>
        <Platform Condition="'$(Platform)'==''">Win32</Platform>
        <TargetedPlatforms>1</TargetedPlatforms>
    </PropertyGroup>
    <PropertyGroup Condition="'$(Config)'=='Base' or '$(Base)'!=''">
        <Base>true</Base>
    </PropertyGroup>
    <PropertyGroup Condition="('$(Platform)'=='Android' and '$(Base)'=='true') or '$(Base_Android)'!=''">
        <Base_Android>true</Base_Android>
        <CfgParent>Base</CfgParent>
        <Base>true</Base>
    </PropertyGroup>
    <PropertyGroup Condition="('$(Platform)'=='Win32' and '$(Base)'=='true') or '$(Base_Win32)'!=''">
        <Base_Win32>true</Base_Win32>
        <CfgParent>Base</CfgParent>
        <Base>true</Base>
    </PropertyGroup>
    <PropertyGroup Condition="('$(Platform)'=='Win64' and '$(Base)'=='true') or '$(Base_Win64)'!=''">
        <Base_Win64>true</Base_Win64>
        <CfgParent>Base</CfgParent>
        <Base>true</Base>
    </PropertyGroup>
    <PropertyGroup Condition="'$(Config)'=='Release' or '$(Cfg_Release)'!=''">
        <Cfg_Release>true</Cfg_Release>
        <CfgParent>Base</CfgParent>
        <Base>true</Base>
    </PropertyGroup>
    <PropertyGroup Condition="'$(Config)'=='Debug' or '$(Cfg_Debug)'!=''">
        <Cfg_Debug>true</Cfg_Debug>
        <CfgParent>Base</CfgParent>
        <Base>true</Base>
    </PropertyGroup>
    <PropertyGroup Condition="('$(Platform)'=='Win32' and '$(Cfg_Debug)'=='true') or '$(Cfg_Debug_Win32)'!=''">
        <Cfg_Debug_Win32>true</Cfg_Debug_Win32>
        <CfgParent>Cfg_Debug</CfgParent>
        <Cfg_Debug>true</Cfg_Debug>
        <Base>true</Base>
    </PropertyGroup>
    <PropertyGroup Condition="'$(Base)'!=''">
        <SanitizedProjectName>OpenWireDsnDXE7</SanitizedProjectName>
        <DCC_HppOutput>.\$(Platform)</DCC_HppOutput>
        <DCC_CBuilderOutput>All</DCC_CBuilderOutput>
        <DCC_BpiOutput>.\$(Platform)\$(Config)</DCC_BpiOutput>
        <DCC_ObjOutput>.\$(Platform)\$(Config)</DCC_ObjOutput>
        <DCC_Define>__DELPHI_DESIGN__;$(DCC_Define)</DCC_Define>
        <DCC_BplOutput>.\$(Platform)\$(Config)</DCC_BplOutput>
        <DCC_UsePackage>rtl;$(DCC_UsePackage)</DCC_UsePackage>
        <DCC_Namespace>System;Xml;Data;Datasnap;Web;Soap;Vcl;Vcl.Imaging;Vcl.Touch;Vcl.Samples;Vcl.Shell;$(DCC_Namespace)</DCC_Namespace>
        <DCC_DcuOutput>.\$(Platform)\$(Config)</DCC_DcuOutput>
        <DCC_DcpOutput>.\$(Platform)\$(Config)</DCC_DcpOutput>
        <VerInfo_IncludeVerInfo>true</VerInfo_IncludeVerInfo>
        <VerInfo_Build>15</VerInfo_Build>
        <VerInfo_Keys>CompanyName=;FileDescription=;FileVersion=7.7.0.0;InternalName=;LegalCopyright=;LegalTrademarks=;OriginalFilename=;ProductName=;ProductVersion=7.7.0.0;Comments=;CompileDate=Thursday, October 07, 2010 7:57 PM</VerInfo_Keys>
        <VerInfo_MajorVer>4</VerInfo_MajorVer>
        <VerInfo_MinorVer>5</VerInfo_MinorVer>
        <VerInfo_Locale>1033</VerInfo_Locale>
        <Debugger_HostApplication>C:\Program Files (x86)\Embarcadero\RAD Studio\7.0\bin\bds.exe</Debugger_HostApplication>
        <DCC_ImageBase>00400000</DCC_ImageBase>
        <DCC_DependencyCheckOutputName>C:\Users\Public\Documents\RAD Studio\7.0\Bpl\OpenWireDsnD15.bpl</DCC_DependencyCheckOutputName>
        <DCC_Description>OpenWire Project (Design Time)</DCC_Description>
        <DesignOnlyPackage>true</DesignOnlyPackage>
        <GenDll>true</GenDll>
        <DCC_OutputNeverBuildDcps>true</DCC_OutputNeverBuildDcps>
        <GenPackage>true</GenPackage>
    </PropertyGroup>
    <PropertyGroup Condition="'$(Base_Android)'!=''">
        <VerInfo_IncludeVerInfo>false</VerInfo_IncludeVerInfo>
        <BT_BuildType>Debug</BT_BuildType>
        <VerInfo_Keys>package=com.embarcadero.$(MSBuildProjectName);label=$(MSBuildProjectName);versionCode=1;versionName=1.0.0;persistent=False;restoreAnyVersion=False;installLocation=preferExternal;</VerInfo_Keys>
    </PropertyGroup>
    <PropertyGroup Condition="'$(Base_Win32)'!=''">
        <DCC_Namespace>Winapi;System.Win;Data.Win;Datasnap.Win;Web.Win;Soap.Win;Xml.Win;Bde;$(DCC_Namespace)</DCC_Namespace>
        <DCC_UsePackage>OpenWirePkgD16;vclx;vcl;OpenWirePkgD17;OpenWirePkgD18;OpenWirePkgD19;$(DCC_UsePackage)</DCC_UsePackage>
    </PropertyGroup>
    <PropertyGroup Condition="'$(Base_Win64)'!=''">
        <DCC_UsePackage>vclx;vcl;OpenWirePkgD17;OpenWirePkgD18;OpenWirePkgD19;$(DCC_UsePackage)</DCC_UsePackage>
    </PropertyGroup>
    <PropertyGroup Condition="'$(Cfg_Release)'!=''">
        <DCC_DependencyCheckOutputName>$(SystemRoot)\System32\OpenWireDsnD15.bpl</DCC_DependencyCheckOutputName>
        <Version>7.0</Version>
        <DCC_DebugInformation>0</DCC_DebugInformation>
        <DCC_LocalDebugSymbols>False</DCC_LocalDebugSymbols>
        <DCC_SymbolReferenceInfo>0</DCC_SymbolReferenceInfo>
        <DCC_Define>RELEASE;__DELPHI_DESIGN__</DCC_Define>
    </PropertyGroup>
    <PropertyGroup Condition="'$(Cfg_Debug)'!=''">
        <DCC_DependencyCheckOutputName>$(SystemRoot)\System32\OpenWireDsnD15.bpl</DCC_DependencyCheckOutputName>
        <Version>7.0</Version>
        <DCC_UnitSearchPath>$(BDS)\lib</DCC_UnitSearchPath>
        <DCC_ResourcePath>$(BDS)\lib</DCC_ResourcePath>
        <DCC_ObjPath>$(BDS)\lib</DCC_ObjPath>
        <DCC_IncludePath>$(BDS)\lib</DCC_IncludePath>
    </PropertyGroup>
    <PropertyGroup Condition="'$(Cfg_Debug_Win32)'!=''">
        <DCC_BplOutput>$(windir)\System32</DCC_BplOutput>
        <Debugger_HostApplication>C:\Program Files (x86)\Embarcadero\Studio\15.0\bin\bds.exe</Debugger_HostApplication>
        <VerInfo_MajorVer>6</VerInfo_MajorVer>
        <VerInfo_MinorVer>0</VerInfo_MinorVer>
        <VerInfo_Release>0</VerInfo_Release>
        <VerInfo_Build>288</VerInfo_Build>
    </PropertyGroup>
    <ItemGroup>
        <DelphiCompile Include="$(MainSource)">
            <MainSource>MainSource</MainSource>
        </DelphiCompile>
        <DCCReference Include="rtl.dcp"/>
        <DCCReference Include="vcl.dcp"/>
        <DCCReference Include="vclx.dcp"/>
        <DCCReference Include="Mitov_Runtime_DXE7.dcp"/>
        <DCCReference Include="Mitov_VCL_Runtime_DXE7.dcp"/>
        <DCCReference Include="OpenWirePkgDXE7.dcp"/>
        <DCCReference Include="Mitov_Delphi_Design_DXE7.dcp"/>
        <DCCReference Include="designide.dcp"/>
        <DCCReference Include="..\OpenWirePinEditors.pas">
            <Form>OWPinEditorForm</Form>
        </DCCReference>
        <DCCReference Include="..\OWStateEditors.pas">
            <Form>OWStatePinForm</Form>
        </DCCReference>
        <DCCReference Include="..\OWAboutFormUnit.pas">
            <Form>OWAboutForm</Form>
        </DCCReference>
        <DCCReference Include="..\OWDesignTypes.pas"/>
        <DCCReference Include="..\OWAfterPinSelectFormUnit.pas">
            <Form>OWAfterPinSelectForm</Form>
        </DCCReference>
        <DCCReference Include="..\OpenWire.Delphi.PropertyEditors.pas"/>
        <DCCReference Include="..\OpenWire.Design.pas"/>
        <BuildConfiguration Include="Release">
            <Key>Cfg_Release</Key>
            <CfgParent>Base</CfgParent>
        </BuildConfiguration>
        <BuildConfiguration Include="Base">
            <Key>Base</Key>
        </BuildConfiguration>
        <BuildConfiguration Include="Debug">
            <Key>Cfg_Debug</Key>
            <CfgParent>Base</CfgParent>
        </BuildConfiguration>
    </ItemGroup>
    <Import Project="$(BDS)\Bin\CodeGear.Delphi.Targets" Condition="Exists('$(BDS)\Bin\CodeGear.Delphi.Targets')"/>
    <Import Project="$(APPDATA)\Embarcadero\$(BDSAPPDATABASEDIR)\$(PRODUCTVERSION)\UserTools.proj" Condition="Exists('$(APPDATA)\Embarcadero\$(BDSAPPDATABASEDIR)\$(PRODUCTVERSION)\UserTools.proj')"/>
    <ProjectExtensions>
        <Borland.Personality>Delphi.Personality.12</Borland.Personality>
        <Borland.ProjectType>Package</Borland.ProjectType>
        <BorlandProject>
            <Delphi.Personality>
                <Compiler>
                    <Compiler Name="UsePackages">False</Compiler>
                    <Compiler Name="Packages"/>
                </Compiler>
                <Parameters>
                    <Parameters Name="HostApplication">C:\Program Files (x86)\Embarcadero\RAD Studio\7.0\bin\bds.exe</Parameters>
                </Parameters>
                <VersionInfo>
                    <VersionInfo Name="IncludeVerInfo">True</VersionInfo>
                    <VersionInfo Name="AutoIncBuild">False</VersionInfo>
                    <VersionInfo Name="MajorVer">7</VersionInfo>
                    <VersionInfo Name="MinorVer">7</VersionInfo>
                    <VersionInfo Name="Release">0</VersionInfo>
                    <VersionInfo Name="Build">0</VersionInfo>
                    <VersionInfo Name="Debug">False</VersionInfo>
                    <VersionInfo Name="PreRelease">False</VersionInfo>
                    <VersionInfo Name="Special">False</VersionInfo>
                    <VersionInfo Name="Private">False</VersionInfo>
                    <VersionInfo Name="DLL">False</VersionInfo>
                    <VersionInfo Name="Locale">1033</VersionInfo>
                    <VersionInfo Name="CodePage">1252</VersionInfo>
                </VersionInfo>
                <VersionInfoKeys>
                    <VersionInfoKeys Name="CompanyName"/>
                    <VersionInfoKeys Name="FileDescription"/>
                    <VersionInfoKeys Name="FileVersion">7.7.0.0</VersionInfoKeys>
                    <VersionInfoKeys Name="InternalName"/>
                    <VersionInfoKeys Name="LegalCopyright"/>
                    <VersionInfoKeys Name="LegalTrademarks"/>
                    <VersionInfoKeys Name="OriginalFilename"/>
                    <VersionInfoKeys Name="ProductName"/>
                    <VersionInfoKeys Name="ProductVersion">7.7.0.0</VersionInfoKeys>
                    <VersionInfoKeys Name="Comments"/>
                    <VersionInfoKeys Name="CompileDate">Thursday, October 07, 2010 7:57 PM</VersionInfoKeys>
                </VersionInfoKeys>
                <Source>
                    <Source Name="MainSource">OpenWireDsnDXE7.dpk</Source>
                </Source>
                <Excluded_Packages>
                    <Excluded_Packages Name="$(BDSBIN)\bcboffice2k180.bpl">Embarcadero C++Builder Office 2000 Servers Package</Excluded_Packages>
                    <Excluded_Packages Name="$(BDSBIN)\bcbofficexp180.bpl">Embarcadero C++Builder Office XP Servers Package</Excluded_Packages>
                    <Excluded_Packages Name="$(BDSBIN)\dcloffice2k180.bpl">Microsoft Office 2000 Sample Automation Server Wrapper Components</Excluded_Packages>
                    <Excluded_Packages Name="$(BDSBIN)\dclofficexp180.bpl">Microsoft Office XP Sample Automation Server Wrapper Components</Excluded_Packages>
                </Excluded_Packages>
            </Delphi.Personality>
            <Platforms>
                <Platform value="Android">False</Platform>
                <Platform value="iOSDevice">False</Platform>
                <Platform value="iOSSimulator">False</Platform>
                <Platform value="Win32">True</Platform>
                <Platform value="Win64">False</Platform>
            </Platforms>
            <Deployment/>
        </BorlandProject>
        <ProjectFileVersion>12</ProjectFileVersion>
    </ProjectExtensions>
    <Import Project="$(MSBuildProjectName).deployproj" Condition="Exists('$(MSBuildProjectName).deployproj')"/>
</Project>
